
Microsoft Visual Studio Solution File, Format Version 12.00
# Visual Studio 14
VisualStudioVersion = 14.0.23107.0
MinimumVisualStudioVersion = 10.0.40219.1
Project("{FAE04EC0-301F-11D3-BF4B-00C04F79EFBC}") = "IoTIrrigationController", "IoTIrrigationController\IoTIrrigationController.csproj", "{7A6377B0-50D5-4177-8D41-C0BC21C3D918}"
EndProject
Project("{FAE04EC0-301F-11D3-BF4B-00C04F79EFBC}") = "IrrigationController.Model", "IrrigationController.Model\IrrigationController.Model.csproj", "{7716FF2C-0205-4644-9D07-C592D649F79F}"
EndProject
Project("{FAE04EC0-301F-11D3-BF4B-00C04F79EFBC}") = "IrrigationController.Model.PLC", "IrrigationController.Model.PLC\IrrigationController.Model.PLC.csproj", "{6B92DEBA-F8E8-471C-8335-9858C8A7A741}"
EndProject
Global
	GlobalSection(SolutionConfigurationPlatforms) = preSolution
		Debug|Any CPU = Debug|Any CPU
		Debug|ARM = Debug|ARM
		Debug|x64 = Debug|x64
		Debug|x86 = Debug|x86
		Release|Any CPU = Release|Any CPU
		Release|ARM = Release|ARM
		Release|x64 = Release|x64
		Release|x86 = Release|x86
	EndGlobalSection
	GlobalSection(ProjectConfigurationPlatforms) = postSolution
		{7A6377B0-50D5-4177-8D41-C0BC21C3D918}.Debug|Any CPU.ActiveCfg = Debug|x86
		{7A6377B0-50D5-4177-8D41-C0BC21C3D918}.Debug|ARM.ActiveCfg = Debug|ARM
		{7A6377B0-50D5-4177-8D41-C0BC21C3D918}.Debug|ARM.Build.0 = Debug|ARM
		{7A6377B0-50D5-4177-8D41-C0BC21C3D918}.Debug|ARM.Deploy.0 = Debug|ARM
		{7A6377B0-50D5-4177-8D41-C0BC21C3D918}.Debug|x64.ActiveCfg = Debug|x64
		{7A6377B0-50D5-4177-8D41-C0BC21C3D918}.Debug|x64.Build.0 = Debug|x64
		{7A6377B0-50D5-4177-8D41-C0BC21C3D918}.Debug|x64.Deploy.0 = Debug|x64
		{7A6377B0-50D5-4177-8D41-C0BC21C3D918}.Debug|x86.ActiveCfg = Debug|x86
		{7A6377B0-50D5-4177-8D41-C0BC21C3D918}.Debug|x86.Build.0 = Debug|x86
		{7A6377B0-50D5-4177-8D41-C0BC21C3D918}.Debug|x86.Deploy.0 = Debug|x86
		{7A6377B0-50D5-4177-8D41-C0BC21C3D918}.Release|Any CPU.ActiveCfg = Release|x86
		{7A6377B0-50D5-4177-8D41-C0BC21C3D918}.Release|ARM.ActiveCfg = Release|ARM
		{7A6377B0-50D5-4177-8D41-C0BC21C3D918}.Release|ARM.Build.0 = Release|ARM
		{7A6377B0-50D5-4177-8D41-C0BC21C3D918}.Release|ARM.Deploy.0 = Release|ARM
		{7A6377B0-50D5-4177-8D41-C0BC21C3D918}.Release|x64.ActiveCfg = Release|x64
		{7A6377B0-50D5-4177-8D41-C0BC21C3D918}.Release|x64.Build.0 = Release|x64
		{7A6377B0-50D5-4177-8D41-C0BC21C3D918}.Release|x64.Deploy.0 = Release|x64
		{7A6377B0-50D5-4177-8D41-C0BC21C3D918}.Release|x86.ActiveCfg = Release|x86
		{7A6377B0-50D5-4177-8D41-C0BC21C3D918}.Release|x86.Build.0 = Release|x86
		{7A6377B0-50D5-4177-8D41-C0BC21C3D918}.Release|x86.Deploy.0 = Release|x86
		{7716FF2C-0205-4644-9D07-C592D649F79F}.Debug|Any CPU.ActiveCfg = Debug|Any CPU
		{7716FF2C-0205-4644-9D07-C592D649F79F}.Debug|Any CPU.Build.0 = Debug|Any CPU
		{7716FF2C-0205-4644-9D07-C592D649F79F}.Debug|ARM.ActiveCfg = Debug|Any CPU
		{7716FF2C-0205-4644-9D07-C592D649F79F}.Debug|ARM.Build.0 = Debug|Any CPU
		{7716FF2C-0205-4644-9D07-C592D649F79F}.Debug|x64.ActiveCfg = Debug|Any CPU
		{7716FF2C-0205-4644-9D07-C592D649F79F}.Debug|x64.Build.0 = Debug|Any CPU
		{7716FF2C-0205-4644-9D07-C592D649F79F}.Debug|x86.ActiveCfg = Debug|Any CPU
		{7716FF2C-0205-4644-9D07-C592D649F79F}.Debug|x86.Build.0 = Debug|Any CPU
		{7716FF2C-0205-4644-9D07-C592D649F79F}.Release|Any CPU.ActiveCfg = Release|Any CPU
		{7716FF2C-0205-4644-9D07-C592D649F79F}.Release|Any CPU.Build.0 = Release|Any CPU
		{7716FF2C-0205-4644-9D07-C592D649F79F}.Release|ARM.ActiveCfg = Release|Any CPU
		{7716FF2C-0205-4644-9D07-C592D649F79F}.Release|ARM.Build.0 = Release|Any CPU
		{7716FF2C-0205-4644-9D07-C592D649F79F}.Release|x64.ActiveCfg = Release|Any CPU
		{7716FF2C-0205-4644-9D07-C592D649F79F}.Release|x64.Build.0 = Release|Any CPU
		{7716FF2C-0205-4644-9D07-C592D649F79F}.Release|x86.ActiveCfg = Release|Any CPU
		{7716FF2C-0205-4644-9D07-C592D649F79F}.Release|x86.Build.0 = Release|Any CPU
		{6B92DEBA-F8E8-471C-8335-9858C8A7A741}.Debug|Any CPU.ActiveCfg = Debug|Any CPU
		{6B92DEBA-F8E8-471C-8335-9858C8A7A741}.Debug|Any CPU.Build.0 = Debug|Any CPU
		{6B92DEBA-F8E8-471C-8335-9858C8A7A741}.Debug|ARM.ActiveCfg = Debug|ARM
		{6B92DEBA-F8E8-471C-8335-9858C8A7A741}.Debug|ARM.Build.0 = Debug|ARM
		{6B92DEBA-F8E8-471C-8335-9858C8A7A741}.Debug|x64.ActiveCfg = Debug|x64
		{6B92DEBA-F8E8-471C-8335-9858C8A7A741}.Debug|x64.Build.0 = Debug|x64
		{6B92DEBA-F8E8-471C-8335-9858C8A7A741}.Debug|x86.ActiveCfg = Debug|x86
		{6B92DEBA-F8E8-471C-8335-9858C8A7A741}.Debug|x86.Build.0 = Debug|x86
		{6B92DEBA-F8E8-471C-8335-9858C8A7A741}.Release|Any CPU.ActiveCfg = Release|Any CPU
		{6B92DEBA-F8E8-471C-8335-9858C8A7A741}.Release|Any CPU.Build.0 = Release|Any CPU
		{6B92DEBA-F8E8-471C-8335-9858C8A7A741}.Release|ARM.ActiveCfg = Release|ARM
		{6B92DEBA-F8E8-471C-8335-9858C8A7A741}.Release|ARM.Build.0 = Release|ARM
		{6B92DEBA-F8E8-471C-8335-9858C8A7A741}.Release|x64.ActiveCfg = Release|x64
		{6B92DEBA-F8E8-471C-8335-9858C8A7A741}.Release|x64.Build.0 = Release|x64
		{6B92DEBA-F8E8-471C-8335-9858C8A7A741}.Release|x86.ActiveCfg = Release|x86
		{6B92DEBA-F8E8-471C-8335-9858C8A7A741}.Release|x86.Build.0 = Release|x86
	EndGlobalSection
	GlobalSection(SolutionProperties) = preSolution
		HideSolutionNode = FALSE
	EndGlobalSection
EndGlobal
